// !$*UTF8*$!
{
	archiveVersion = 1;
	classes = {
	};
	objectVersion = 50;
	objects = {

/* Begin PBXBuildFile section */
		72450F2724B99D4C00934892 /* SwiftUIViewPhotoPicker.swift in Sources */ = {isa = PBXBuildFile; fileRef = 72450F2624B99D4C00934892 /* SwiftUIViewPhotoPicker.swift */; };
		72450F2824B99D4C00934892 /* SwiftUIViewPhotoPicker.swift in Sources */ = {isa = PBXBuildFile; fileRef = 72450F2624B99D4C00934892 /* SwiftUIViewPhotoPicker.swift */; };
		7274EB4C24AB96510046FF69 /* Tests_iOS.swift in Sources */ = {isa = PBXBuildFile; fileRef = 7274EB4B24AB96510046FF69 /* Tests_iOS.swift */; };
		7274EB5724AB96510046FF69 /* Tests_macOS.swift in Sources */ = {isa = PBXBuildFile; fileRef = 7274EB5624AB96510046FF69 /* Tests_macOS.swift */; };
		7274EB5924AB96510046FF69 /* SanjayTestXCode12App.swift in Sources */ = {isa = PBXBuildFile; fileRef = 7274EB3024AB96290046FF69 /* SanjayTestXCode12App.swift */; };
		7274EB5A24AB96510046FF69 /* SanjayTestXCode12App.swift in Sources */ = {isa = PBXBuildFile; fileRef = 7274EB3024AB96290046FF69 /* SanjayTestXCode12App.swift */; };
		7274EB5B24AB96510046FF69 /* ContentView.swift in Sources */ = {isa = PBXBuildFile; fileRef = 7274EB3124AB96290046FF69 /* ContentView.swift */; };
		7274EB5C24AB96510046FF69 /* ContentView.swift in Sources */ = {isa = PBXBuildFile; fileRef = 7274EB3124AB96290046FF69 /* ContentView.swift */; };
		7274EB5D24AB96510046FF69 /* Assets.xcassets in Resources */ = {isa = PBXBuildFile; fileRef = 7274EB3224AB96510046FF69 /* Assets.xcassets */; };
		7274EB5E24AB96510046FF69 /* Assets.xcassets in Resources */ = {isa = PBXBuildFile; fileRef = 7274EB3224AB96510046FF69 /* Assets.xcassets */; };
/* End PBXBuildFile section */

/* Begin PBXContainerItemProxy section */
		7274EB4824AB96510046FF69 /* PBXContainerItemProxy */ = {
			isa = PBXContainerItemProxy;
			containerPortal = 7274EB2B24AB96250046FF69 /* Project object */;
			proxyType = 1;
			remoteGlobalIDString = 7274EB3624AB96510046FF69;
			remoteInfo = iOS;
		};
		7274EB5324AB96510046FF69 /* PBXContainerItemProxy */ = {
			isa = PBXContainerItemProxy;
			containerPortal = 7274EB2B24AB96250046FF69 /* Project object */;
			proxyType = 1;
			remoteGlobalIDString = 7274EB3E24AB96510046FF69;
			remoteInfo = macOS;
		};
/* End PBXContainerItemProxy section */

/* Begin PBXFileReference section */
		72450F2624B99D4C00934892 /* SwiftUIViewPhotoPicker.swift */ = {isa = PBXFileReference; lastKnownFileType = sourcecode.swift; path = SwiftUIViewPhotoPicker.swift; sourceTree = "<group>"; };
		72450F2B24B9E0A700934892 /* README.md */ = {isa = PBXFileReference; lastKnownFileType = net.daringfireball.markdown; path = README.md; sourceTree = "<group>"; };
		7274EB3024AB96290046FF69 /* SanjayTestXCode12App.swift */ = {isa = PBXFileReference; lastKnownFileType = sourcecode.swift; path = SanjayTestXCode12App.swift; sourceTree = "<group>"; };
		7274EB3124AB96290046FF69 /* ContentView.swift */ = {isa = PBXFileReference; lastKnownFileType = sourcecode.swift; path = ContentView.swift; sourceTree = "<group>"; };
		7274EB3224AB96510046FF69 /* Assets.xcassets */ = {isa = PBXFileReference; lastKnownFileType = folder.assetcatalog; path = Assets.xcassets; sourceTree = "<group>"; };
		7274EB3724AB96510046FF69 /* SanjayTestXCode12.app */ = {isa = PBXFileReference; explicitFileType = wrapper.application; includeInIndex = 0; path = SanjayTestXCode12.app; sourceTree = BUILT_PRODUCTS_DIR; };
		7274EB3A24AB96510046FF69 /* Info.plist */ = {isa = PBXFileReference; lastKnownFileType = text.plist.xml; path = Info.plist; sourceTree = "<group>"; };
		7274EB3F24AB96510046FF69 /* SanjayTestXCode12.app */ = {isa = PBXFileReference; explicitFileType = wrapper.application; includeInIndex = 0; path = SanjayTestXCode12.app; sourceTree = BUILT_PRODUCTS_DIR; };
		7274EB4124AB96510046FF69 /* Info.plist */ = {isa = PBXFileReference; lastKnownFileType = text.plist.xml; path = Info.plist; sourceTree = "<group>"; };
		7274EB4224AB96510046FF69 /* macOS.entitlements */ = {isa = PBXFileReference; lastKnownFileType = text.plist.entitlements; path = macOS.entitlements; sourceTree = "<group>"; };
		7274EB4724AB96510046FF69 /* Tests iOS.xctest */ = {isa = PBXFileReference; explicitFileType = wrapper.cfbundle; includeInIndex = 0; path = "Tests iOS.xctest"; sourceTree = BUILT_PRODUCTS_DIR; };
		7274EB4B24AB96510046FF69 /* Tests_iOS.swift */ = {isa = PBXFileReference; lastKnownFileType = sourcecode.swift; path = Tests_iOS.swift; sourceTree = "<group>"; };
		7274EB4D24AB96510046FF69 /* Info.plist */ = {isa = PBXFileReference; lastKnownFileType = text.plist.xml; path = Info.plist; sourceTree = "<group>"; };
		7274EB5224AB96510046FF69 /* Tests macOS.xctest */ = {isa = PBXFileReference; explicitFileType = wrapper.cfbundle; includeInIndex = 0; path = "Tests macOS.xctest"; sourceTree = BUILT_PRODUCTS_DIR; };
		7274EB5624AB96510046FF69 /* Tests_macOS.swift */ = {isa = PBXFileReference; lastKnownFileType = sourcecode.swift; path = Tests_macOS.swift; sourceTree = "<group>"; };
		7274EB5824AB96510046FF69 /* Info.plist */ = {isa = PBXFileReference; lastKnownFileType = text.plist.xml; path = Info.plist; sourceTree = "<group>"; };
/* End PBXFileReference section */

/* Begin PBXFrameworksBuildPhase section */
		7274EB3424AB96510046FF69 /* Frameworks */ = {
			isa = PBXFrameworksBuildPhase;
			buildActionMask = 2147483647;
			files = (
			);
			runOnlyForDeploymentPostprocessing = 0;
		};
		7274EB3C24AB96510046FF69 /* Frameworks */ = {
			isa = PBXFrameworksBuildPhase;
			buildActionMask = 2147483647;
			files = (
			);
			runOnlyForDeploymentPostprocessing = 0;
		};
		7274EB4424AB96510046FF69 /* Frameworks */ = {
			isa = PBXFrameworksBuildPhase;
			buildActionMask = 2147483647;
			files = (
			);
			runOnlyForDeploymentPostprocessing = 0;
		};
		7274EB4F24AB96510046FF69 /* Frameworks */ = {
			isa = PBXFrameworksBuildPhase;
			buildActionMask = 2147483647;
			files = (
			);
			runOnlyForDeploymentPostprocessing = 0;
		};
/* End PBXFrameworksBuildPhase section */

/* Begin PBXGroup section */
		7274EB2A24AB96250046FF69 = {
			isa = PBXGroup;
			children = (
				72450F2B24B9E0A700934892 /* README.md */,
				7274EB2F24AB96290046FF69 /* Shared */,
				7274EB3924AB96510046FF69 /* iOS */,
				7274EB4024AB96510046FF69 /* macOS */,
				7274EB4A24AB96510046FF69 /* Tests iOS */,
				7274EB5524AB96510046FF69 /* Tests macOS */,
				7274EB3824AB96510046FF69 /* Products */,
			);
			sourceTree = "<group>";
		};
		7274EB2F24AB96290046FF69 /* Shared */ = {
			isa = PBXGroup;
			children = (
				7274EB3024AB96290046FF69 /* SanjayTestXCode12App.swift */,
				7274EB3124AB96290046FF69 /* ContentView.swift */,
				7274EB3224AB96510046FF69 /* Assets.xcassets */,
				72450F2624B99D4C00934892 /* SwiftUIViewPhotoPicker.swift */,
			);
			path = Shared;
			sourceTree = "<group>";
		};
		7274EB3824AB96510046FF69 /* Products */ = {
			isa = PBXGroup;
			children = (
				7274EB3724AB96510046FF69 /* SanjayTestXCode12.app */,
				7274EB3F24AB96510046FF69 /* SanjayTestXCode12.app */,
				7274EB4724AB96510046FF69 /* Tests iOS.xctest */,
				7274EB5224AB96510046FF69 /* Tests macOS.xctest */,
			);
			name = Products;
			sourceTree = "<group>";
		};
		7274EB3924AB96510046FF69 /* iOS */ = {
			isa = PBXGroup;
			children = (
				7274EB3A24AB96510046FF69 /* Info.plist */,
			);
			path = iOS;
			sourceTree = "<group>";
		};
		7274EB4024AB96510046FF69 /* macOS */ = {
			isa = PBXGroup;
			children = (
				7274EB4124AB96510046FF69 /* Info.plist */,
				7274EB4224AB96510046FF69 /* macOS.entitlements */,
			);
			path = macOS;
			sourceTree = "<group>";
		};
		7274EB4A24AB96510046FF69 /* Tests iOS */ = {
			isa = PBXGroup;
			children = (
				7274EB4B24AB96510046FF69 /* Tests_iOS.swift */,
				7274EB4D24AB96510046FF69 /* Info.plist */,
			);
			path = "Tests iOS";
			sourceTree = "<group>";
		};
		7274EB5524AB96510046FF69 /* Tests macOS */ = {
			isa = PBXGroup;
			children = (
				7274EB5624AB96510046FF69 /* Tests_macOS.swift */,
				7274EB5824AB96510046FF69 /* Info.plist */,
			);
			path = "Tests macOS";
			sourceTree = "<group>";
		};
/* End PBXGroup section */

/* Begin PBXNativeTarget section */
		7274EB3624AB96510046FF69 /* iOS */ = {
			isa = PBXNativeTarget;
			buildConfigurationList = 7274EB6124AB96510046FF69 /* Build configuration list for PBXNativeTarget "iOS" */;
			buildPhases = (
				7274EB3324AB96510046FF69 /* Sources */,
				7274EB3424AB96510046FF69 /* Frameworks */,
				7274EB3524AB96510046FF69 /* Resources */,
			);
			buildRules = (
			);
			dependencies = (
			);
			name = iOS;
			productName = iOS;
			productReference = 7274EB3724AB96510046FF69 /* SanjayTestXCode12.app */;
			productType = "com.apple.product-type.application";
		};
		7274EB3E24AB96510046FF69 /* macOS */ = {
			isa = PBXNativeTarget;
			buildConfigurationList = 7274EB6424AB96510046FF69 /* Build configuration list for PBXNativeTarget "macOS" */;
			buildPhases = (
				7274EB3B24AB96510046FF69 /* Sources */,
				7274EB3C24AB96510046FF69 /* Frameworks */,
				7274EB3D24AB96510046FF69 /* Resources */,
			);
			buildRules = (
			);
			dependencies = (
			);
			name = macOS;
			productName = macOS;
			productReference = 7274EB3F24AB96510046FF69 /* SanjayTestXCode12.app */;
			productType = "com.apple.product-type.application";
		};
		7274EB4624AB96510046FF69 /* Tests iOS */ = {
			isa = PBXNativeTarget;
			buildConfigurationList = 7274EB6724AB96510046FF69 /* Build configuration list for PBXNativeTarget "Tests iOS" */;
			buildPhases = (
				7274EB4324AB96510046FF69 /* Sources */,
				7274EB4424AB96510046FF69 /* Frameworks */,
				7274EB4524AB96510046FF69 /* Resources */,
			);
			buildRules = (
			);
			dependencies = (
				7274EB4924AB96510046FF69 /* PBXTargetDependency */,
			);
			name = "Tests iOS";
			productName = "Tests iOS";
			productReference = 7274EB4724AB96510046FF69 /* Tests iOS.xctest */;
			productType = "com.apple.product-type.bundle.ui-testing";
		};
		7274EB5124AB96510046FF69 /* Tests macOS */ = {
			isa = PBXNativeTarget;
			buildConfigurationList = 7274EB6A24AB96510046FF69 /* Build configuration list for PBXNativeTarget "Tests macOS" */;
			buildPhases = (
				7274EB4E24AB96510046FF69 /* Sources */,
				7274EB4F24AB96510046FF69 /* Frameworks */,
				7274EB5024AB96510046FF69 /* Resources */,
			);
			buildRules = (
			);
			dependencies = (
				7274EB5424AB96510046FF69 /* PBXTargetDependency */,
			);
			name = "Tests macOS";
			productName = "Tests macOS";
			productReference = 7274EB5224AB96510046FF69 /* Tests macOS.xctest */;
			productType = "com.apple.product-type.bundle.ui-testing";
		};
/* End PBXNativeTarget section */

/* Begin PBXProject section */
		7274EB2B24AB96250046FF69 /* Project object */ = {
			isa = PBXProject;
			attributes = {
				LastSwiftUpdateCheck = 1200;
				LastUpgradeCheck = 1200;
				TargetAttributes = {
					7274EB3624AB96510046FF69 = {
						CreatedOnToolsVersion = 12.0;
					};
					7274EB3E24AB96510046FF69 = {
						CreatedOnToolsVersion = 12.0;
					};
					7274EB4624AB96510046FF69 = {
						CreatedOnToolsVersion = 12.0;
						TestTargetID = 7274EB3624AB96510046FF69;
					};
					7274EB5124AB96510046FF69 = {
						CreatedOnToolsVersion = 12.0;
						TestTargetID = 7274EB3E24AB96510046FF69;
					};
				};
			};
			buildConfigurationList = 7274EB2E24AB96250046FF69 /* Build configuration list for PBXProject "SanjayTestXCode12" */;
			compatibilityVersion = "Xcode 9.3";
			developmentRegion = en;
			hasScannedForEncodings = 0;
			knownRegions = (
				en,
				Base,
			);
			mainGroup = 7274EB2A24AB96250046FF69;
			productRefGroup = 7274EB3824AB96510046FF69 /* Products */;
			projectDirPath = "";
			projectRoot = "";
			targets = (
				7274EB3624AB96510046FF69 /* iOS */,
				7274EB3E24AB96510046FF69 /* macOS */,
				7274EB4624AB96510046FF69 /* Tests iOS */,
				7274EB5124AB96510046FF69 /* Tests macOS */,
			);
		};
/* End PBXProject section */

/* Begin PBXResourcesBuildPhase section */
		7274EB3524AB96510046FF69 /* Resources */ = {
			isa = PBXResourcesBuildPhase;
			buildActionMask = 2147483647;
			files = (
				7274EB5D24AB96510046FF69 /* Assets.xcassets in Resources */,
			);
			runOnlyForDeploymentPostprocessing = 0;
		};
		7274EB3D24AB96510046FF69 /* Resources */ = {
			isa = PBXResourcesBuildPhase;
			buildActionMask = 2147483647;
			files = (
				7274EB5E24AB96510046FF69 /* Assets.xcassets in Resources */,
			);
			runOnlyForDeploymentPostprocessing = 0;
		};
		7274EB4524AB96510046FF69 /* Resources */ = {
			isa = PBXResourcesBuildPhase;
			buildActionMask = 2147483647;
			files = (
			);
			runOnlyForDeploymentPostprocessing = 0;
		};
		7274EB5024AB96510046FF69 /* Resources */ = {
			isa = PBXResourcesBuildPhase;
			buildActionMask = 2147483647;
			files = (
			);
			runOnlyForDeploymentPostprocessing = 0;
		};
/* End PBXResourcesBuildPhase section */

/* Begin PBXSourcesBuildPhase section */
		7274EB3324AB96510046FF69 /* Sources */ = {
			isa = PBXSourcesBuildPhase;
			buildActionMask = 2147483647;
			files = (
				7274EB5B24AB96510046FF69 /* ContentView.swift in Sources */,
				72450F2724B99D4C00934892 /* SwiftUIViewPhotoPicker.swift in Sources */,
				7274EB5924AB96510046FF69 /* SanjayTestXCode12App.swift in Sources */,
			);
			runOnlyForDeploymentPostprocessing = 0;
		};
		7274EB3B24AB96510046FF69 /* Sources */ = {
			isa = PBXSourcesBuildPhase;
			buildActionMask = 2147483647;
			files = (
				7274EB5C24AB96510046FF69 /* ContentView.swift in Sources */,
				72450F2824B99D4C00934892 /* SwiftUIViewPhotoPicker.swift in Sources */,
				7274EB5A24AB96510046FF69 /* SanjayTestXCode12App.swift in Sources */,
			);
			runOnlyForDeploymentPostprocessing = 0;
		};
		7274EB4324AB96510046FF69 /* Sources */ = {
			isa = PBXSourcesBuildPhase;
			buildActionMask = 2147483647;
			files = (
				7274EB4C24AB96510046FF69 /* Tests_iOS.swift in Sources */,
			);
			runOnlyForDeploymentPostprocessing = 0;
		};
		7274EB4E24AB96510046FF69 /* Sources */ = {
			isa = PBXSourcesBuildPhase;
			buildActionMask = 2147483647;
			files = (
				7274EB5724AB96510046FF69 /* Tests_macOS.swift in Sources */,
			);
			runOnlyForDeploymentPostprocessing = 0;
		};
/* End PBXSourcesBuildPhase section */

/* Begin PBXTargetDependency section */
		7274EB4924AB96510046FF69 /* PBXTargetDependency */ = {
			isa = PBXTargetDependency;
			target = 7274EB3624AB96510046FF69 /* iOS */;
			targetProxy = 7274EB4824AB96510046FF69 /* PBXContainerItemProxy */;
		};
		7274EB5424AB96510046FF69 /* PBXTargetDependency */ = {
			isa = PBXTargetDependency;
			target = 7274EB3E24AB96510046FF69 /* macOS */;
			targetProxy = 7274EB5324AB96510046FF69 /* PBXContainerItemProxy */;
		};
/* End PBXTargetDependency section */

/* Begin XCBuildConfiguration section */
		7274EB5F24AB96510046FF69 /* Debug */ = {
			isa = XCBuildConfiguration;
			buildSettings = {
				ALWAYS_SEARCH_USER_PATHS = NO;
				CLANG_ANALYZER_NONNULL = YES;
				CLANG_ANALYZER_NUMBER_OBJECT_CONVERSION = YES_AGGRESSIVE;
				CLANG_CXX_LANGUAGE_STANDARD = "gnu++14";
				CLANG_CXX_LIBRARY = "libc++";
				CLANG_ENABLE_MODULES = YES;
				CLANG_ENABLE_OBJC_ARC = YES;
				CLANG_ENABLE_OBJC_WEAK = YES;
				CLANG_WARN_BLOCK_CAPTURE_AUTORELEASING = YES;
				CLANG_WARN_BOOL_CONVERSION = YES;
				CLANG_WARN_COMMA = YES;
				CLANG_WARN_CONSTANT_CONVERSION = YES;
				CLANG_WARN_DEPRECATED_OBJC_IMPLEMENTATIONS = YES;
				CLANG_WARN_DIRECT_OBJC_ISA_USAGE = YES_ERROR;
				CLANG_WARN_DOCUMENTATION_COMMENTS = YES;
				CLANG_WARN_EMPTY_BODY = YES;
				CLANG_WARN_ENUM_CONVERSION = YES;
				CLANG_WARN_INFINITE_RECURSION = YES;
				CLANG_WARN_INT_CONVERSION = YES;
				CLANG_WARN_NON_LITERAL_NULL_CONVERSION = YES;
				CLANG_WARN_OBJC_IMPLICIT_RETAIN_SELF = YES;
				CLANG_WARN_OBJC_LITERAL_CONVERSION = YES;
				CLANG_WARN_OBJC_ROOT_CLASS = YES_ERROR;
				CLANG_WARN_QUOTED_INCLUDE_IN_FRAMEWORK_HEADER = YES;
				CLANG_WARN_RANGE_LOOP_ANALYSIS = YES;
				CLANG_WARN_STRICT_PROTOTYPES = YES;
				CLANG_WARN_SUSPICIOUS_MOVE = YES;
				CLANG_WARN_UNGUARDED_AVAILABILITY = YES_AGGRESSIVE;
				CLANG_WARN_UNREACHABLE_CODE = YES;
				CLANG_WARN__DUPLICATE_METHOD_MATCH = YES;
				COPY_PHASE_STRIP = NO;
				DEBUG_INFORMATION_FORMAT = dwarf;
				ENABLE_STRICT_OBJC_MSGSEND = YES;
				ENABLE_TESTABILITY = YES;
				GCC_C_LANGUAGE_STANDARD = gnu11;
				GCC_DYNAMIC_NO_PIC = NO;
				GCC_NO_COMMON_BLOCKS = YES;
				GCC_OPTIMIZATION_LEVEL = 0;
				GCC_PREPROCESSOR_DEFINITIONS = (
					"DEBUG=1",
					"$(inherited)",
				);
				GCC_WARN_64_TO_32_BIT_CONVERSION = YES;
				GCC_WARN_ABOUT_RETURN_TYPE = YES_ERROR;
				GCC_WARN_UNDECLARED_SELECTOR = YES;
				GCC_WARN_UNINITIALIZED_AUTOS = YES_AGGRESSIVE;
				GCC_WARN_UNUSED_FUNCTION = YES;
				GCC_WARN_UNUSED_VARIABLE = YES;
				MTL_ENABLE_DEBUG_INFO = INCLUDE_SOURCE;
				MTL_FAST_MATH = YES;
				ONLY_ACTIVE_ARCH = YES;
				SWIFT_ACTIVE_COMPILATION_CONDITIONS = DEBUG;
				SWIFT_OPTIMIZATION_LEVEL = "-Onone";
			};
			name = Debug;
		};
		7274EB6024AB96510046FF69 /* Release */ = {
			isa = XCBuildConfiguration;
			buildSettings = {
				ALWAYS_SEARCH_USER_PATHS = NO;
				CLANG_ANALYZER_NONNULL = YES;
				CLANG_ANALYZER_NUMBER_OBJECT_CONVERSION = YES_AGGRESSIVE;
				CLANG_CXX_LANGUAGE_STANDARD = "gnu++14";
				CLANG_CXX_LIBRARY = "libc++";
				CLANG_ENABLE_MODULES = YES;
				CLANG_ENABLE_OBJC_ARC = YES;
				CLANG_ENABLE_OBJC_WEAK = YES;
				CLANG_WARN_BLOCK_CAPTURE_AUTORELEASING = YES;
				CLANG_WARN_BOOL_CONVERSION = YES;
				CLANG_WARN_COMMA = YES;
				CLANG_WARN_CONSTANT_CONVERSION = YES;
				CLANG_WARN_DEPRECATED_OBJC_IMPLEMENTATIONS = YES;
				CLANG_WARN_DIRECT_OBJC_ISA_USAGE = YES_ERROR;
				CLANG_WARN_DOCUMENTATION_COMMENTS = YES;
				CLANG_WARN_EMPTY_BODY = YES;
				CLANG_WARN_ENUM_CONVERSION = YES;
				CLANG_WARN_INFINITE_RECURSION = YES;
				CLANG_WARN_INT_CONVERSION = YES;
				CLANG_WARN_NON_LITERAL_NULL_CONVERSION = YES;
				CLANG_WARN_OBJC_IMPLICIT_RETAIN_SELF = YES;
				CLANG_WARN_OBJC_LITERAL_CONVERSION = YES;
				CLANG_WARN_OBJC_ROOT_CLASS = YES_ERROR;
				CLANG_WARN_QUOTED_INCLUDE_IN_FRAMEWORK_HEADER = YES;
				CLANG_WARN_RANGE_LOOP_ANALYSIS = YES;
				CLANG_WARN_STRICT_PROTOTYPES = YES;
				CLANG_WARN_SUSPICIOUS_MOVE = YES;
				CLANG_WARN_UNGUARDED_AVAILABILITY = YES_AGGRESSIVE;
				CLANG_WARN_UNREACHABLE_CODE = YES;
				CLANG_WARN__DUPLICATE_METHOD_MATCH = YES;
				COPY_PHASE_STRIP = NO;
				DEBUG_INFORMATION_FORMAT = "dwarf-with-dsym";
				ENABLE_NS_ASSERTIONS = NO;
				ENABLE_STRICT_OBJC_MSGSEND = YES;
				GCC_C_LANGUAGE_STANDARD = gnu11;
				GCC_NO_COMMON_BLOCKS = YES;
				GCC_WARN_64_TO_32_BIT_CONVERSION = YES;
				GCC_WARN_ABOUT_RETURN_TYPE = YES_ERROR;
				GCC_WARN_UNDECLARED_SELECTOR = YES;
				GCC_WARN_UNINITIALIZED_AUTOS = YES_AGGRESSIVE;
				GCC_WARN_UNUSED_FUNCTION = YES;
				GCC_WARN_UNUSED_VARIABLE = YES;
				MTL_ENABLE_DEBUG_INFO = NO;
				MTL_FAST_MATH = YES;
				SWIFT_COMPILATION_MODE = wholemodule;
				SWIFT_OPTIMIZATION_LEVEL = "-O";
			};
			name = Release;
		};
		7274EB6224AB96510046FF69 /* Debug */ = {
			isa = XCBuildConfiguration;
			buildSettings = {
				ASSETCATALOG_COMPILER_APPICON_NAME = AppIcon;
				ASSETCATALOG_COMPILER_GLOBAL_ACCENT_COLOR_NAME = AccentColor;
				CODE_SIGN_STYLE = Automatic;
				DEVELOPMENT_TEAM = XH9Q2X3CYJ;
				ENABLE_PREVIEWS = YES;
				INFOPLIST_FILE = iOS/Info.plist;
				IPHONEOS_DEPLOYMENT_TARGET = 14.0;
				LD_RUNPATH_SEARCH_PATHS = (
					"$(inherited)",
					"@executable_path/Frameworks",
				);
				PRODUCT_BUNDLE_IDENTIFIER = com.sanjay.SanjayTestXCode12;
				PRODUCT_NAME = SanjayTestXCode12;
				SDKROOT = iphoneos;
				SWIFT_VERSION = 5.0;
				TARGETED_DEVICE_FAMILY = "1,2";
			};
			name = Debug;
		};
		7274EB6324AB96510046FF69 /* Release */ = {
			isa = XCBuildConfiguration;
			buildSettings = {
				ASSETCATALOG_COMPILER_APPICON_NAME = AppIcon;
				ASSETCATALOG_COMPILER_GLOBAL_ACCENT_COLOR_NAME = AccentColor;
				CODE_SIGN_STYLE = Automatic;
				DEVELOPMENT_TEAM = XH9Q2X3CYJ;
				ENABLE_PREVIEWS = YES;
				INFOPLIST_FILE = iOS/Info.plist;
				IPHONEOS_DEPLOYMENT_TARGET = 14.0;
				LD_RUNPATH_SEARCH_PATHS = (
					"$(inherited)",
					"@executable_path/Frameworks",
				);
				PRODUCT_BUNDLE_IDENTIFIER = com.sanjay.SanjayTestXCode12;
				PRODUCT_NAME = SanjayTestXCode12;
				SDKROOT = iphoneos;
				SWIFT_VERSION = 5.0;
				TARGETED_DEVICE_FAMILY = "1,2";
				VALIDATE_PRODUCT = YES;
			};
			name = Release;
		};
		7274EB6524AB96510046FF69 /* Debug */ = {
			isa = XCBuildConfiguration;
			buildSettings = {
				ASSETCATALOG_COMPILER_APPICON_NAME = AppIcon;
				ASSETCATALOG_COMPILER_GLOBAL_ACCENT_COLOR_NAME = AccentColor;
				CODE_SIGN_ENTITLEMENTS = macOS/macOS.entitlements;
				CODE_SIGN_STYLE = Automatic;
				COMBINE_HIDPI_IMAGES = YES;
				DEVELOPMENT_TEAM = XH9Q2X3CYJ;
				ENABLE_HARDENED_RUNTIME = YES;
				ENABLE_PREVIEWS = YES;
				INFOPLIST_FILE = macOS/Info.plist;
				LD_RUNPATH_SEARCH_PATHS = (
					"$(inherited)",
					"@executable_path/../Frameworks",
				);
				MACOSX_DEPLOYMENT_TARGET = 10.16;
				PRODUCT_BUNDLE_IDENTIFIER = com.sanjay.SanjayTestXCode12;
				PRODUCT_NAME = SanjayTestXCode12;
				SDKROOT = macosx;
				SWIFT_VERSION = 5.0;
			};
			name = Debug;
		};
		7274EB6624AB96510046FF69 /* Release */ = {
			isa = XCBuildConfiguration;
			buildSettings = {
				ASSETCATALOG_COMPILER_APPICON_NAME = AppIcon;
				ASSETCATALOG_COMPILER_GLOBAL_ACCENT_COLOR_NAME = AccentColor;
				CODE_SIGN_ENTITLEMENTS = macOS/macOS.entitlements;
				CODE_SIGN_STYLE = Automatic;
				COMBINE_HIDPI_IMAGES = YES;
				DEVELOPMENT_TEAM = XH9Q2X3CYJ;
				ENABLE_HARDENED_RUNTIME = YES;
				ENABLE_PREVIEWS = YES;
				INFOPLIST_FILE = macOS/Info.plist;
				LD_RUNPATH_SEARCH_PATHS = (
					"$(inherited)",
					"@executable_path/../Frameworks",
				);
				MACOSX_DEPLOYMENT_TARGET = 10.16;
				PRODUCT_BUNDLE_IDENTIFIER = com.sanjay.SanjayTestXCode12;
				PRODUCT_NAME = SanjayTestXCode12;
				SDKROOT = macosx;
				SWIFT_VERSION = 5.0;
			};
			name = Release;
		};
		7274EB6824AB96510046FF69 /* Debug */ = {
			isa = XCBuildConfiguration;
			buildSettings = {
				ALWAYS_EMBED_SWIFT_STANDARD_LIBRARIES = YES;
				CODE_SIGN_STYLE = Automatic;
				DEVELOPMENT_TEAM = XH9Q2X3CYJ;
				INFOPLIST_FILE = "Tests iOS/Info.plist";
				IPHONEOS_DEPLOYMENT_TARGET = 14.0;
				LD_RUNPATH_SEARCH_PATHS = (
					"$(inherited)",
					"@executable_path/Frameworks",
					"@loader_path/Frameworks",
				);
				PRODUCT_BUNDLE_IDENTIFIER = "com.sanjay.Tests-iOS";
				PRODUCT_NAME = "$(TARGET_NAME)";
				SDKROOT = iphoneos;
				SWIFT_VERSION = 5.0;
				TARGETED_DEVICE_FAMILY = "1,2";
				TEST_TARGET_NAME = iOS;
			};
			name = Debug;
		};
		7274EB6924AB96510046FF69 /* Release */ = {
			isa = XCBuildConfiguration;
			buildSettings = {
				ALWAYS_EMBED_SWIFT_STANDARD_LIBRARIES = YES;
				CODE_SIGN_STYLE = Automatic;
				DEVELOPMENT_TEAM = XH9Q2X3CYJ;
				INFOPLIST_FILE = "Tests iOS/Info.plist";
				IPHONEOS_DEPLOYMENT_TARGET = 14.0;
				LD_RUNPATH_SEARCH_PATHS = (
					"$(inherited)",
					"@executable_path/Frameworks",
					"@loader_path/Frameworks",
				);
				PRODUCT_BUNDLE_IDENTIFIER = "com.sanjay.Tests-iOS";
				PRODUCT_NAME = "$(TARGET_NAME)";
				SDKROOT = iphoneos;
				SWIFT_VERSION = 5.0;
				TARGETED_DEVICE_FAMILY = "1,2";
				TEST_TARGET_NAME = iOS;
				VALIDATE_PRODUCT = YES;
			};
			name = Release;
		};
		7274EB6B24AB96510046FF69 /* Debug */ = {
			isa = XCBuildConfiguration;
			buildSettings = {
				ALWAYS_EMBED_SWIFT_STANDARD_LIBRARIES = YES;
				CODE_SIGN_STYLE = Automatic;
				COMBINE_HIDPI_IMAGES = YES;
				DEVELOPMENT_TEAM = XH9Q2X3CYJ;
				INFOPLIST_FILE = "Tests macOS/Info.plist";
				LD_RUNPATH_SEARCH_PATHS = (
					"$(inherited)",
					"@executable_path/../Frameworks",
					"@loader_path/../Frameworks",
				);
				MACOSX_DEPLOYMENT_TARGET = 10.15;
				PRODUCT_BUNDLE_IDENTIFIER = "com.sanjay.Tests-macOS";
				PRODUCT_NAME = "$(TARGET_NAME)";
				SDKROOT = macosx;
				SWIFT_VERSION = 5.0;
				TEST_TARGET_NAME = macOS;
			};
			name = Debug;
		};
		7274EB6C24AB96510046FF69 /* Release */ = {
			isa = XCBuildConfiguration;
			buildSettings = {
				ALWAYS_EMBED_SWIFT_STANDARD_LIBRARIES = YES;
				CODE_SIGN_STYLE = Automatic;
				COMBINE_HIDPI_IMAGES = YES;
				DEVELOPMENT_TEAM = XH9Q2X3CYJ;
				INFOPLIST_FILE = "Tests macOS/Info.plist";
				LD_RUNPATH_SEARCH_PATHS = (
					"$(inherited)",
					"@executable_path/../Frameworks",
					"@loader_path/../Frameworks",
				);
				MACOSX_DEPLOYMENT_TARGET = 10.15;
				PRODUCT_BUNDLE_IDENTIFIER = "com.sanjay.Tests-macOS";
				PRODUCT_NAME = "$(TARGET_NAME)";
				SDKROOT = macosx;
				SWIFT_VERSION = 5.0;
				TEST_TARGET_NAME = macOS;
			};
			name = Release;
		};
/* End XCBuildConfiguration section */

/* Begin XCConfigurationList section */
		7274EB2E24AB96250046FF69 /* Build configuration list for PBXProject "SanjayTestXCode12" */ = {
			isa = XCConfigurationList;
			buildConfigurations = (
				7274EB5F24AB96510046FF69 /* Debug */,
				7274EB6024AB96510046FF69 /* Release */,
			);
			defaultConfigurationIsVisible = 0;
			defaultConfigurationName = Release;
		};
		7274EB6124AB96510046FF69 /* Build configuration list for PBXNativeTarget "iOS" */ = {
			isa = XCConfigurationList;
			buildConfigurations = (
				7274EB6224AB96510046FF69 /* Debug */,
				7274EB6324AB96510046FF69 /* Release */,
			);
			defaultConfigurationIsVisible = 0;
			defaultConfigurationName = Release;
		};
		7274EB6424AB96510046FF69 /* Build configuration list for PBXNativeTarget "macOS" */ = {
			isa = XCConfigurationList;
			buildConfigurations = (
				7274EB6524AB96510046FF69 /* Debug */,
				7274EB6624AB96510046FF69 /* Release */,
			);
			defaultConfigurationIsVisible = 0;
			defaultConfigurationName = Release;
		};
		7274EB6724AB96510046FF69 /* Build configuration list for PBXNativeTarget "Tests iOS" */ = {
			isa = XCConfigurationList;
			buildConfigurations = (
				7274EB6824AB96510046FF69 /* Debug */,
				7274EB6924AB96510046FF69 /* Release */,
			);
			defaultConfigurationIsVisible = 0;
			defaultConfigurationName = Release;
		};
		7274EB6A24AB96510046FF69 /* Build configuration list for PBXNativeTarget "Tests macOS" */ = {
			isa = XCConfigurationList;
			buildConfigurations = (
				7274EB6B24AB96510046FF69 /* Debug */,
				7274EB6C24AB96510046FF69 /* Release */,
			);
			defaultConfigurationIsVisible = 0;
			defaultConfigurationName = Release;
		};
/* End XCConfigurationList section */
	};
	rootObject = 7274EB2B24AB96250046FF69 /* Project object */;
}
